
Microsoft Visual Studio Solution File, Format Version 12.00
# Visual Studio Version 16
VisualStudioVersion = 16.0.29613.14
MinimumVisualStudioVersion = 10.0.40219.1
Project("{FAE04EC0-301F-11D3-BF4B-00C04F79EFBC}") = "Hotel Management System", "Hotel Management System\Hotel Management System.csproj", "{CE90FD5B-6789-4E75-9F12-9364EB961F4A}"
EndProject
Global
	GlobalSection(SolutionConfigurationPlatforms) = preSolution
		Debug|Any CPU = Debug|Any CPU
		Release|Any CPU = Release|Any CPU
	EndGlobalSection
	GlobalSection(ProjectConfigurationPlatforms) = postSolution
		{CE90FD5B-6789-4E75-9F12-9364EB961F4A}.Debug|Any CPU.ActiveCfg = Debug|Any CPU
		{CE90FD5B-6789-4E75-9F12-9364EB961F4A}.Debug|Any CPU.Build.0 = Debug|Any CPU
		{CE90FD5B-6789-4E75-9F12-9364EB961F4A}.Release|Any CPU.ActiveCfg = Release|Any CPU
		{CE90FD5B-6789-4E75-9F12-9364EB961F4A}.Release|Any CPU.Build.0 = Release|Any CPU
	EndGlobalSection
	GlobalSection(SolutionProperties) = preSolution
		HideSolutionNode = FALSE
	EndGlobalSection
	GlobalSection(ExtensibilityGlobals) = postSolution
		SolutionGuid = {AFC57B42-ACFB-40C2-BB13-4B167CAF8AB9}
	EndGlobalSection
EndGlobal
